
Microsoft Visual Studio Solution File, Format Version 12.00
# Visual Studio Version 17
VisualStudioVersion = 17.10.35122.118
MinimumVisualStudioVersion = 10.0.40219.1
Project("{FAE04EC0-301F-11D3-BF4B-00C04F79EFBC}") = "TestingWorkLib", "TestingWorkLib\TestingWorkLib.csproj", "{533FE3DB-FED4-484F-84B2-FFCFD2693B1A}"
EndProject
Project("{FAE04EC0-301F-11D3-BF4B-00C04F79EFBC}") = "TestProject1", "TestProject1\TestProject1.csproj", "{83D84713-03B8-4C5A-8B39-BF5296D82A64}"
EndProject
Global
	GlobalSection(SolutionConfigurationPlatforms) = preSolution
		Debug|Any CPU = Debug|Any CPU
		Release|Any CPU = Release|Any CPU
	EndGlobalSection
	GlobalSection(ProjectConfigurationPlatforms) = postSolution
		{533FE3DB-FED4-484F-84B2-FFCFD2693B1A}.Debug|Any CPU.ActiveCfg = Debug|Any CPU
		{533FE3DB-FED4-484F-84B2-FFCFD2693B1A}.Debug|Any CPU.Build.0 = Debug|Any CPU
		{533FE3DB-FED4-484F-84B2-FFCFD2693B1A}.Release|Any CPU.ActiveCfg = Release|Any CPU
		{533FE3DB-FED4-484F-84B2-FFCFD2693B1A}.Release|Any CPU.Build.0 = Release|Any CPU
		{83D84713-03B8-4C5A-8B39-BF5296D82A64}.Debug|Any CPU.ActiveCfg = Debug|Any CPU
		{83D84713-03B8-4C5A-8B39-BF5296D82A64}.Debug|Any CPU.Build.0 = Debug|Any CPU
		{83D84713-03B8-4C5A-8B39-BF5296D82A64}.Release|Any CPU.ActiveCfg = Release|Any CPU
		{83D84713-03B8-4C5A-8B39-BF5296D82A64}.Release|Any CPU.Build.0 = Release|Any CPU
	EndGlobalSection
	GlobalSection(SolutionProperties) = preSolution
		HideSolutionNode = FALSE
	EndGlobalSection
	GlobalSection(ExtensibilityGlobals) = postSolution
		SolutionGuid = {874841FC-9824-4434-BA22-4902259EFFFF}
	EndGlobalSection
EndGlobal
